// !$*UTF8*$!
{
	archiveVersion = 1;
	classes = {
	};
	objectVersion = 50;
	objects = {

/* Begin PBXBuildFile section */
		5EEA09AE213B5F3E00140454 /* AppDelegate.swift in Sources */ = {isa = PBXBuildFile; fileRef = 5EEA09AD213B5F3E00140454 /* AppDelegate.swift */; };
		5EEA09B0213B5F3E00140454 /* BooksViewController.swift in Sources */ = {isa = PBXBuildFile; fileRef = 5EEA09AF213B5F3E00140454 /* BooksViewController.swift */; };
		5EEA09B3213B5F3E00140454 /* Main.storyboard in Resources */ = {isa = PBXBuildFile; fileRef = 5EEA09B1213B5F3E00140454 /* Main.storyboard */; };
		5EEA09B5213B5F3F00140454 /* Assets.xcassets in Resources */ = {isa = PBXBuildFile; fileRef = 5EEA09B4213B5F3F00140454 /* Assets.xcassets */; };
		5EEA09B8213B5F3F00140454 /* LaunchScreen.storyboard in Resources */ = {isa = PBXBuildFile; fileRef = 5EEA09B6213B5F3F00140454 /* LaunchScreen.storyboard */; };
		5EEA09C3213B5F3F00140454 /* Books_LibraryTests.swift in Sources */ = {isa = PBXBuildFile; fileRef = 5EEA09C2213B5F3F00140454 /* Books_LibraryTests.swift */; };
		5EEA09D1213B61FA00140454 /* BooksConfigurator.swift in Sources */ = {isa = PBXBuildFile; fileRef = 5EEA09D0213B61FA00140454 /* BooksConfigurator.swift */; };
		5EEA09D4213B626100140454 /* Book.swift in Sources */ = {isa = PBXBuildFile; fileRef = 5EEA09D3213B626100140454 /* Book.swift */; };
		5EEA09D6213B62DD00140454 /* BooksPresenter.swift in Sources */ = {isa = PBXBuildFile; fileRef = 5EEA09D5213B62DD00140454 /* BooksPresenter.swift */; };
		5EEA09D9213B632200140454 /* BookCollectionViewCell.swift in Sources */ = {isa = PBXBuildFile; fileRef = 5EEA09D8213B632200140454 /* BookCollectionViewCell.swift */; };
		5EEA09DC213B636D00140454 /* BooksGateway.swift in Sources */ = {isa = PBXBuildFile; fileRef = 5EEA09DB213B636D00140454 /* BooksGateway.swift */; };
		5EEA09DE213B639F00140454 /* StaticDataBooksGateway.swift in Sources */ = {isa = PBXBuildFile; fileRef = 5EEA09DD213B639F00140454 /* StaticDataBooksGateway.swift */; };
		5EEA09E0213B686D00140454 /* JSONFileBooksGateway.swift in Sources */ = {isa = PBXBuildFile; fileRef = 5EEA09DF213B686D00140454 /* JSONFileBooksGateway.swift */; };
/* End PBXBuildFile section */

/* Begin PBXContainerItemProxy section */
		5EEA09BF213B5F3F00140454 /* PBXContainerItemProxy */ = {
			isa = PBXContainerItemProxy;
			containerPortal = 5EEA09A2213B5F3E00140454 /* Project object */;
			proxyType = 1;
			remoteGlobalIDString = 5EEA09A9213B5F3E00140454;
			remoteInfo = "Books Library";
		};
/* End PBXContainerItemProxy section */

/* Begin PBXFileReference section */
		5EEA09AA213B5F3E00140454 /* Books Library.app */ = {isa = PBXFileReference; explicitFileType = wrapper.application; includeInIndex = 0; path = "Books Library.app"; sourceTree = BUILT_PRODUCTS_DIR; };
		5EEA09AD213B5F3E00140454 /* AppDelegate.swift */ = {isa = PBXFileReference; lastKnownFileType = sourcecode.swift; path = AppDelegate.swift; sourceTree = "<group>"; };
		5EEA09AF213B5F3E00140454 /* BooksViewController.swift */ = {isa = PBXFileReference; lastKnownFileType = sourcecode.swift; path = BooksViewController.swift; sourceTree = "<group>"; };
		5EEA09B2213B5F3E00140454 /* Base */ = {isa = PBXFileReference; lastKnownFileType = file.storyboard; name = Base; path = Base.lproj/Main.storyboard; sourceTree = "<group>"; };
		5EEA09B4213B5F3F00140454 /* Assets.xcassets */ = {isa = PBXFileReference; lastKnownFileType = folder.assetcatalog; path = Assets.xcassets; sourceTree = "<group>"; };
		5EEA09B7213B5F3F00140454 /* Base */ = {isa = PBXFileReference; lastKnownFileType = file.storyboard; name = Base; path = Base.lproj/LaunchScreen.storyboard; sourceTree = "<group>"; };
		5EEA09B9213B5F3F00140454 /* Info.plist */ = {isa = PBXFileReference; lastKnownFileType = text.plist.xml; path = Info.plist; sourceTree = "<group>"; };
		5EEA09BE213B5F3F00140454 /* Books LibraryTests.xctest */ = {isa = PBXFileReference; explicitFileType = wrapper.cfbundle; includeInIndex = 0; path = "Books LibraryTests.xctest"; sourceTree = BUILT_PRODUCTS_DIR; };
		5EEA09C2213B5F3F00140454 /* Books_LibraryTests.swift */ = {isa = PBXFileReference; lastKnownFileType = sourcecode.swift; path = Books_LibraryTests.swift; sourceTree = "<group>"; };
		5EEA09C4213B5F3F00140454 /* Info.plist */ = {isa = PBXFileReference; lastKnownFileType = text.plist.xml; path = Info.plist; sourceTree = "<group>"; };
		5EEA09D0213B61FA00140454 /* BooksConfigurator.swift */ = {isa = PBXFileReference; lastKnownFileType = sourcecode.swift; path = BooksConfigurator.swift; sourceTree = "<group>"; };
		5EEA09D3213B626100140454 /* Book.swift */ = {isa = PBXFileReference; lastKnownFileType = sourcecode.swift; path = Book.swift; sourceTree = "<group>"; };
		5EEA09D5213B62DD00140454 /* BooksPresenter.swift */ = {isa = PBXFileReference; lastKnownFileType = sourcecode.swift; path = BooksPresenter.swift; sourceTree = "<group>"; };
		5EEA09D8213B632200140454 /* BookCollectionViewCell.swift */ = {isa = PBXFileReference; lastKnownFileType = sourcecode.swift; path = BookCollectionViewCell.swift; sourceTree = "<group>"; };
		5EEA09DB213B636D00140454 /* BooksGateway.swift */ = {isa = PBXFileReference; lastKnownFileType = sourcecode.swift; path = BooksGateway.swift; sourceTree = "<group>"; };
		5EEA09DD213B639F00140454 /* StaticDataBooksGateway.swift */ = {isa = PBXFileReference; lastKnownFileType = sourcecode.swift; path = StaticDataBooksGateway.swift; sourceTree = "<group>"; };
		5EEA09DF213B686D00140454 /* JSONFileBooksGateway.swift */ = {isa = PBXFileReference; lastKnownFileType = sourcecode.swift; path = JSONFileBooksGateway.swift; sourceTree = "<group>"; };
/* End PBXFileReference section */

/* Begin PBXFrameworksBuildPhase section */
		5EEA09A7213B5F3E00140454 /* Frameworks */ = {
			isa = PBXFrameworksBuildPhase;
			buildActionMask = 2147483647;
			files = (
			);
			runOnlyForDeploymentPostprocessing = 0;
		};
		5EEA09BB213B5F3F00140454 /* Frameworks */ = {
			isa = PBXFrameworksBuildPhase;
			buildActionMask = 2147483647;
			files = (
			);
			runOnlyForDeploymentPostprocessing = 0;
		};
/* End PBXFrameworksBuildPhase section */

/* Begin PBXGroup section */
		5EEA09A1213B5F3E00140454 = {
			isa = PBXGroup;
			children = (
				5EEA09AC213B5F3E00140454 /* Books Library */,
				5EEA09C1213B5F3F00140454 /* Books LibraryTests */,
				5EEA09AB213B5F3E00140454 /* Products */,
			);
			sourceTree = "<group>";
		};
		5EEA09AB213B5F3E00140454 /* Products */ = {
			isa = PBXGroup;
			children = (
				5EEA09AA213B5F3E00140454 /* Books Library.app */,
				5EEA09BE213B5F3F00140454 /* Books LibraryTests.xctest */,
			);
			name = Products;
			sourceTree = "<group>";
		};
		5EEA09AC213B5F3E00140454 /* Books Library */ = {
			isa = PBXGroup;
			children = (
				5EEA09DA213B636000140454 /* Gateways */,
				5EEA09D2213B625800140454 /* Entities */,
				5EEA09CF213B603600140454 /* Scenes */,
				5EEA09CD213B5FFC00140454 /* Supporting Files */,
				5EEA09AD213B5F3E00140454 /* AppDelegate.swift */,
				5EEA09B1213B5F3E00140454 /* Main.storyboard */,
			);
			path = "Books Library";
			sourceTree = "<group>";
		};
		5EEA09C1213B5F3F00140454 /* Books LibraryTests */ = {
			isa = PBXGroup;
			children = (
				5EEA09C2213B5F3F00140454 /* Books_LibraryTests.swift */,
				5EEA09C4213B5F3F00140454 /* Info.plist */,
			);
			path = "Books LibraryTests";
			sourceTree = "<group>";
		};
		5EEA09CD213B5FFC00140454 /* Supporting Files */ = {
			isa = PBXGroup;
			children = (
				5EEA09B4213B5F3F00140454 /* Assets.xcassets */,
				5EEA09B6213B5F3F00140454 /* LaunchScreen.storyboard */,
				5EEA09B9213B5F3F00140454 /* Info.plist */,
			);
			name = "Supporting Files";
			sourceTree = "<group>";
		};
		5EEA09CF213B603600140454 /* Scenes */ = {
			isa = PBXGroup;
			children = (
				5EEA09D7213B62E500140454 /* Books Library */,
			);
			path = Scenes;
			sourceTree = "<group>";
		};
		5EEA09D2213B625800140454 /* Entities */ = {
			isa = PBXGroup;
			children = (
				5EEA09D3213B626100140454 /* Book.swift */,
			);
			path = Entities;
			sourceTree = "<group>";
		};
		5EEA09D7213B62E500140454 /* Books Library */ = {
			isa = PBXGroup;
			children = (
				5EEA09AF213B5F3E00140454 /* BooksViewController.swift */,
				5EEA09D0213B61FA00140454 /* BooksConfigurator.swift */,
				5EEA09D5213B62DD00140454 /* BooksPresenter.swift */,
				5EEA09D8213B632200140454 /* BookCollectionViewCell.swift */,
			);
			path = "Books Library";
			sourceTree = "<group>";
		};
		5EEA09DA213B636000140454 /* Gateways */ = {
			isa = PBXGroup;
			children = (
				5EEA09DB213B636D00140454 /* BooksGateway.swift */,
				5EEA09DD213B639F00140454 /* StaticDataBooksGateway.swift */,
				5EEA09DF213B686D00140454 /* JSONFileBooksGateway.swift */,
			);
			path = Gateways;
			sourceTree = "<group>";
		};
/* End PBXGroup section */

/* Begin PBXNativeTarget section */
		5EEA09A9213B5F3E00140454 /* Books Library */ = {
			isa = PBXNativeTarget;
			buildConfigurationList = 5EEA09C7213B5F3F00140454 /* Build configuration list for PBXNativeTarget "Books Library" */;
			buildPhases = (
				5EEA09A6213B5F3E00140454 /* Sources */,
				5EEA09A7213B5F3E00140454 /* Frameworks */,
				5EEA09A8213B5F3E00140454 /* Resources */,
			);
			buildRules = (
			);
			dependencies = (
			);
			name = "Books Library";
			productName = "Books Library";
			productReference = 5EEA09AA213B5F3E00140454 /* Books Library.app */;
			productType = "com.apple.product-type.application";
		};
		5EEA09BD213B5F3F00140454 /* Books LibraryTests */ = {
			isa = PBXNativeTarget;
			buildConfigurationList = 5EEA09CA213B5F3F00140454 /* Build configuration list for PBXNativeTarget "Books LibraryTests" */;
			buildPhases = (
				5EEA09BA213B5F3F00140454 /* Sources */,
				5EEA09BB213B5F3F00140454 /* Frameworks */,
				5EEA09BC213B5F3F00140454 /* Resources */,
			);
			buildRules = (
			);
			dependencies = (
				5EEA09C0213B5F3F00140454 /* PBXTargetDependency */,
			);
			name = "Books LibraryTests";
			productName = "Books LibraryTests";
			productReference = 5EEA09BE213B5F3F00140454 /* Books LibraryTests.xctest */;
			productType = "com.apple.product-type.bundle.unit-test";
		};
/* End PBXNativeTarget section */

/* Begin PBXProject section */
		5EEA09A2213B5F3E00140454 /* Project object */ = {
			isa = PBXProject;
			attributes = {
				LastSwiftUpdateCheck = 0940;
				LastUpgradeCheck = 0940;
				ORGANIZATIONNAME = "Sylvan Ash";
				TargetAttributes = {
					5EEA09A9213B5F3E00140454 = {
						CreatedOnToolsVersion = 9.4.1;
					};
					5EEA09BD213B5F3F00140454 = {
						CreatedOnToolsVersion = 9.4.1;
						TestTargetID = 5EEA09A9213B5F3E00140454;
					};
				};
			};
			buildConfigurationList = 5EEA09A5213B5F3E00140454 /* Build configuration list for PBXProject "Books Library" */;
			compatibilityVersion = "Xcode 9.3";
			developmentRegion = en;
			hasScannedForEncodings = 0;
			knownRegions = (
				en,
				Base,
			);
			mainGroup = 5EEA09A1213B5F3E00140454;
			productRefGroup = 5EEA09AB213B5F3E00140454 /* Products */;
			projectDirPath = "";
			projectRoot = "";
			targets = (
				5EEA09A9213B5F3E00140454 /* Books Library */,
				5EEA09BD213B5F3F00140454 /* Books LibraryTests */,
			);
		};
/* End PBXProject section */

/* Begin PBXResourcesBuildPhase section */
		5EEA09A8213B5F3E00140454 /* Resources */ = {
			isa = PBXResourcesBuildPhase;
			buildActionMask = 2147483647;
			files = (
				5EEA09B8213B5F3F00140454 /* LaunchScreen.storyboard in Resources */,
				5EEA09B5213B5F3F00140454 /* Assets.xcassets in Resources */,
				5EEA09B3213B5F3E00140454 /* Main.storyboard in Resources */,
			);
			runOnlyForDeploymentPostprocessing = 0;
		};
		5EEA09BC213B5F3F00140454 /* Resources */ = {
			isa = PBXResourcesBuildPhase;
			buildActionMask = 2147483647;
			files = (
			);
			runOnlyForDeploymentPostprocessing = 0;
		};
/* End PBXResourcesBuildPhase section */

/* Begin PBXSourcesBuildPhase section */
		5EEA09A6213B5F3E00140454 /* Sources */ = {
			isa = PBXSourcesBuildPhase;
			buildActionMask = 2147483647;
			files = (
				5EEA09D4213B626100140454 /* Book.swift in Sources */,
				5EEA09DE213B639F00140454 /* StaticDataBooksGateway.swift in Sources */,
				5EEA09D1213B61FA00140454 /* BooksConfigurator.swift in Sources */,
				5EEA09B0213B5F3E00140454 /* BooksViewController.swift in Sources */,
				5EEA09D9213B632200140454 /* BookCollectionViewCell.swift in Sources */,
				5EEA09DC213B636D00140454 /* BooksGateway.swift in Sources */,
				5EEA09AE213B5F3E00140454 /* AppDelegate.swift in Sources */,
				5EEA09E0213B686D00140454 /* JSONFileBooksGateway.swift in Sources */,
				5EEA09D6213B62DD00140454 /* BooksPresenter.swift in Sources */,
			);
			runOnlyForDeploymentPostprocessing = 0;
		};
		5EEA09BA213B5F3F00140454 /* Sources */ = {
			isa = PBXSourcesBuildPhase;
			buildActionMask = 2147483647;
			files = (
				5EEA09C3213B5F3F00140454 /* Books_LibraryTests.swift in Sources */,
			);
			runOnlyForDeploymentPostprocessing = 0;
		};
/* End PBXSourcesBuildPhase section */

/* Begin PBXTargetDependency section */
		5EEA09C0213B5F3F00140454 /* PBXTargetDependency */ = {
			isa = PBXTargetDependency;
			target = 5EEA09A9213B5F3E00140454 /* Books Library */;
			targetProxy = 5EEA09BF213B5F3F00140454 /* PBXContainerItemProxy */;
		};
/* End PBXTargetDependency section */

/* Begin PBXVariantGroup section */
		5EEA09B1213B5F3E00140454 /* Main.storyboard */ = {
			isa = PBXVariantGroup;
			children = (
				5EEA09B2213B5F3E00140454 /* Base */,
			);
			name = Main.storyboard;
			sourceTree = "<group>";
		};
		5EEA09B6213B5F3F00140454 /* LaunchScreen.storyboard */ = {
			isa = PBXVariantGroup;
			children = (
				5EEA09B7213B5F3F00140454 /* Base */,
			);
			name = LaunchScreen.storyboard;
			sourceTree = "<group>";
		};
/* End PBXVariantGroup section */

/* Begin XCBuildConfiguration section */
		5EEA09C5213B5F3F00140454 /* Debug */ = {
			isa = XCBuildConfiguration;
			buildSettings = {
				ALWAYS_SEARCH_USER_PATHS = NO;
				CLANG_ANALYZER_NONNULL = YES;
				CLANG_ANALYZER_NUMBER_OBJECT_CONVERSION = YES_AGGRESSIVE;
				CLANG_CXX_LANGUAGE_STANDARD = "gnu++14";
				CLANG_CXX_LIBRARY = "libc++";
				CLANG_ENABLE_MODULES = YES;
				CLANG_ENABLE_OBJC_ARC = YES;
				CLANG_ENABLE_OBJC_WEAK = YES;
				CLANG_WARN_BLOCK_CAPTURE_AUTORELEASING = YES;
				CLANG_WARN_BOOL_CONVERSION = YES;
				CLANG_WARN_COMMA = YES;
				CLANG_WARN_CONSTANT_CONVERSION = YES;
				CLANG_WARN_DEPRECATED_OBJC_IMPLEMENTATIONS = YES;
				CLANG_WARN_DIRECT_OBJC_ISA_USAGE = YES_ERROR;
				CLANG_WARN_DOCUMENTATION_COMMENTS = YES;
				CLANG_WARN_EMPTY_BODY = YES;
				CLANG_WARN_ENUM_CONVERSION = YES;
				CLANG_WARN_INFINITE_RECURSION = YES;
				CLANG_WARN_INT_CONVERSION = YES;
				CLANG_WARN_NON_LITERAL_NULL_CONVERSION = YES;
				CLANG_WARN_OBJC_IMPLICIT_RETAIN_SELF = YES;
				CLANG_WARN_OBJC_LITERAL_CONVERSION = YES;
				CLANG_WARN_OBJC_ROOT_CLASS = YES_ERROR;
				CLANG_WARN_RANGE_LOOP_ANALYSIS = YES;
				CLANG_WARN_STRICT_PROTOTYPES = YES;
				CLANG_WARN_SUSPICIOUS_MOVE = YES;
				CLANG_WARN_UNGUARDED_AVAILABILITY = YES_AGGRESSIVE;
				CLANG_WARN_UNREACHABLE_CODE = YES;
				CLANG_WARN__DUPLICATE_METHOD_MATCH = YES;
				CODE_SIGN_IDENTITY = "iPhone Developer";
				COPY_PHASE_STRIP = NO;
				DEBUG_INFORMATION_FORMAT = dwarf;
				ENABLE_STRICT_OBJC_MSGSEND = YES;
				ENABLE_TESTABILITY = YES;
				GCC_C_LANGUAGE_STANDARD = gnu11;
				GCC_DYNAMIC_NO_PIC = NO;
				GCC_NO_COMMON_BLOCKS = YES;
				GCC_OPTIMIZATION_LEVEL = 0;
				GCC_PREPROCESSOR_DEFINITIONS = (
					"DEBUG=1",
					"$(inherited)",
				);
				GCC_WARN_64_TO_32_BIT_CONVERSION = YES;
				GCC_WARN_ABOUT_RETURN_TYPE = YES_ERROR;
				GCC_WARN_UNDECLARED_SELECTOR = YES;
				GCC_WARN_UNINITIALIZED_AUTOS = YES_AGGRESSIVE;
				GCC_WARN_UNUSED_FUNCTION = YES;
				GCC_WARN_UNUSED_VARIABLE = YES;
				IPHONEOS_DEPLOYMENT_TARGET = 11.4;
				MTL_ENABLE_DEBUG_INFO = YES;
				ONLY_ACTIVE_ARCH = YES;
				SDKROOT = iphoneos;
				SWIFT_ACTIVE_COMPILATION_CONDITIONS = DEBUG;
				SWIFT_OPTIMIZATION_LEVEL = "-Onone";
			};
			name = Debug;
		};
		5EEA09C6213B5F3F00140454 /* Release */ = {
			isa = XCBuildConfiguration;
			buildSettings = {
				ALWAYS_SEARCH_USER_PATHS = NO;
				CLANG_ANALYZER_NONNULL = YES;
				CLANG_ANALYZER_NUMBER_OBJECT_CONVERSION = YES_AGGRESSIVE;
				CLANG_CXX_LANGUAGE_STANDARD = "gnu++14";
				CLANG_CXX_LIBRARY = "libc++";
				CLANG_ENABLE_MODULES = YES;
				CLANG_ENABLE_OBJC_ARC = YES;
				CLANG_ENABLE_OBJC_WEAK = YES;
				CLANG_WARN_BLOCK_CAPTURE_AUTORELEASING = YES;
				CLANG_WARN_BOOL_CONVERSION = YES;
				CLANG_WARN_COMMA = YES;
				CLANG_WARN_CONSTANT_CONVERSION = YES;
				CLANG_WARN_DEPRECATED_OBJC_IMPLEMENTATIONS = YES;
				CLANG_WARN_DIRECT_OBJC_ISA_USAGE = YES_ERROR;
				CLANG_WARN_DOCUMENTATION_COMMENTS = YES;
				CLANG_WARN_EMPTY_BODY = YES;
				CLANG_WARN_ENUM_CONVERSION = YES;
				CLANG_WARN_INFINITE_RECURSION = YES;
				CLANG_WARN_INT_CONVERSION = YES;
				CLANG_WARN_NON_LITERAL_NULL_CONVERSION = YES;
				CLANG_WARN_OBJC_IMPLICIT_RETAIN_SELF = YES;
				CLANG_WARN_OBJC_LITERAL_CONVERSION = YES;
				CLANG_WARN_OBJC_ROOT_CLASS = YES_ERROR;
				CLANG_WARN_RANGE_LOOP_ANALYSIS = YES;
				CLANG_WARN_STRICT_PROTOTYPES = YES;
				CLANG_WARN_SUSPICIOUS_MOVE = YES;
				CLANG_WARN_UNGUARDED_AVAILABILITY = YES_AGGRESSIVE;
				CLANG_WARN_UNREACHABLE_CODE = YES;
				CLANG_WARN__DUPLICATE_METHOD_MATCH = YES;
				CODE_SIGN_IDENTITY = "iPhone Developer";
				COPY_PHASE_STRIP = NO;
				DEBUG_INFORMATION_FORMAT = "dwarf-with-dsym";
				ENABLE_NS_ASSERTIONS = NO;
				ENABLE_STRICT_OBJC_MSGSEND = YES;
				GCC_C_LANGUAGE_STANDARD = gnu11;
				GCC_NO_COMMON_BLOCKS = YES;
				GCC_WARN_64_TO_32_BIT_CONVERSION = YES;
				GCC_WARN_ABOUT_RETURN_TYPE = YES_ERROR;
				GCC_WARN_UNDECLARED_SELECTOR = YES;
				GCC_WARN_UNINITIALIZED_AUTOS = YES_AGGRESSIVE;
				GCC_WARN_UNUSED_FUNCTION = YES;
				GCC_WARN_UNUSED_VARIABLE = YES;
				IPHONEOS_DEPLOYMENT_TARGET = 11.4;
				MTL_ENABLE_DEBUG_INFO = NO;
				SDKROOT = iphoneos;
				SWIFT_COMPILATION_MODE = wholemodule;
				SWIFT_OPTIMIZATION_LEVEL = "-O";
				VALIDATE_PRODUCT = YES;
			};
			name = Release;
		};
		5EEA09C8213B5F3F00140454 /* Debug */ = {
			isa = XCBuildConfiguration;
			buildSettings = {
				ASSETCATALOG_COMPILER_APPICON_NAME = AppIcon;
				CODE_SIGN_STYLE = Automatic;
				INFOPLIST_FILE = "Books Library/Info.plist";
				LD_RUNPATH_SEARCH_PATHS = (
					"$(inherited)",
					"@executable_path/Frameworks",
				);
				PRODUCT_BUNDLE_IDENTIFIER = "com.daitensai.Books-Library";
				PRODUCT_NAME = "$(TARGET_NAME)";
				SWIFT_VERSION = 4.0;
				TARGETED_DEVICE_FAMILY = "1,2";
			};
			name = Debug;
		};
		5EEA09C9213B5F3F00140454 /* Release */ = {
			isa = XCBuildConfiguration;
			buildSettings = {
				ASSETCATALOG_COMPILER_APPICON_NAME = AppIcon;
				CODE_SIGN_STYLE = Automatic;
				INFOPLIST_FILE = "Books Library/Info.plist";
				LD_RUNPATH_SEARCH_PATHS = (
					"$(inherited)",
					"@executable_path/Frameworks",
				);
				PRODUCT_BUNDLE_IDENTIFIER = "com.daitensai.Books-Library";
				PRODUCT_NAME = "$(TARGET_NAME)";
				SWIFT_VERSION = 4.0;
				TARGETED_DEVICE_FAMILY = "1,2";
			};
			name = Release;
		};
		5EEA09CB213B5F3F00140454 /* Debug */ = {
			isa = XCBuildConfiguration;
			buildSettings = {
				ALWAYS_EMBED_SWIFT_STANDARD_LIBRARIES = YES;
				BUNDLE_LOADER = "$(TEST_HOST)";
				CODE_SIGN_STYLE = Automatic;
				INFOPLIST_FILE = "Books LibraryTests/Info.plist";
				LD_RUNPATH_SEARCH_PATHS = (
					"$(inherited)",
					"@executable_path/Frameworks",
					"@loader_path/Frameworks",
				);
				PRODUCT_BUNDLE_IDENTIFIER = "com.daitensai.Books-LibraryTests";
				PRODUCT_NAME = "$(TARGET_NAME)";
				SWIFT_VERSION = 4.0;
				TARGETED_DEVICE_FAMILY = "1,2";
				TEST_HOST = "$(BUILT_PRODUCTS_DIR)/Books Library.app/Books Library";
			};
			name = Debug;
		};
		5EEA09CC213B5F3F00140454 /* Release */ = {
			isa = XCBuildConfiguration;
			buildSettings = {
				ALWAYS_EMBED_SWIFT_STANDARD_LIBRARIES = YES;
				BUNDLE_LOADER = "$(TEST_HOST)";
				CODE_SIGN_STYLE = Automatic;
				INFOPLIST_FILE = "Books LibraryTests/Info.plist";
				LD_RUNPATH_SEARCH_PATHS = (
					"$(inherited)",
					"@executable_path/Frameworks",
					"@loader_path/Frameworks",
				);
				PRODUCT_BUNDLE_IDENTIFIER = "com.daitensai.Books-LibraryTests";
				PRODUCT_NAME = "$(TARGET_NAME)";
				SWIFT_VERSION = 4.0;
				TARGETED_DEVICE_FAMILY = "1,2";
				TEST_HOST = "$(BUILT_PRODUCTS_DIR)/Books Library.app/Books Library";
			};
			name = Release;
		};
/* End XCBuildConfiguration section */

/* Begin XCConfigurationList section */
		5EEA09A5213B5F3E00140454 /* Build configuration list for PBXProject "Books Library" */ = {
			isa = XCConfigurationList;
			buildConfigurations = (
				5EEA09C5213B5F3F00140454 /* Debug */,
				5EEA09C6213B5F3F00140454 /* Release */,
			);
			defaultConfigurationIsVisible = 0;
			defaultConfigurationName = Release;
		};
		5EEA09C7213B5F3F00140454 /* Build configuration list for PBXNativeTarget "Books Library" */ = {
			isa = XCConfigurationList;
			buildConfigurations = (
				5EEA09C8213B5F3F00140454 /* Debug */,
				5EEA09C9213B5F3F00140454 /* Release */,
			);
			defaultConfigurationIsVisible = 0;
			defaultConfigurationName = Release;
		};
		5EEA09CA213B5F3F00140454 /* Build configuration list for PBXNativeTarget "Books LibraryTests" */ = {
			isa = XCConfigurationList;
			buildConfigurations = (
				5EEA09CB213B5F3F00140454 /* Debug */,
				5EEA09CC213B5F3F00140454 /* Release */,
			);
			defaultConfigurationIsVisible = 0;
			defaultConfigurationName = Release;
		};
/* End XCConfigurationList section */
	};
	rootObject = 5EEA09A2213B5F3E00140454 /* Project object */;
}
